
Microsoft Visual Studio Solution File, Format Version 12.00
# Visual Studio Version 17
VisualStudioVersion = 17.3.32929.385
MinimumVisualStudioVersion = 10.0.40219.1
Project("{FAE04EC0-301F-11D3-BF4B-00C04F79EFBC}") = "CryptoQuestService", "CryptoQuestService\CryptoQuestService.csproj", "{FE1479FD-AEDF-4E2B-BCCC-6DA7D6B6CA62}"
EndProject
Global
	GlobalSection(SolutionConfigurationPlatforms) = preSolution
		Debug|Any CPU = Debug|Any CPU
		Release|Any CPU = Release|Any CPU
	EndGlobalSection
	GlobalSection(ProjectConfigurationPlatforms) = postSolution
		{FE1479FD-AEDF-4E2B-BCCC-6DA7D6B6CA62}.Debug|Any CPU.ActiveCfg = Debug|Any CPU
		{FE1479FD-AEDF-4E2B-BCCC-6DA7D6B6CA62}.Debug|Any CPU.Build.0 = Debug|Any CPU
		{FE1479FD-AEDF-4E2B-BCCC-6DA7D6B6CA62}.Release|Any CPU.ActiveCfg = Release|Any CPU
		{FE1479FD-AEDF-4E2B-BCCC-6DA7D6B6CA62}.Release|Any CPU.Build.0 = Release|Any CPU
	EndGlobalSection
	GlobalSection(SolutionProperties) = preSolution
		HideSolutionNode = FALSE
	EndGlobalSection
	GlobalSection(ExtensibilityGlobals) = postSolution
		SolutionGuid = {29BE602C-FAD7-49E5-BDEF-274980CFEB02}
	EndGlobalSection
EndGlobal
